
Microsoft Visual Studio Solution File, Format Version 12.00
# Visual Studio 14
VisualStudioVersion = 14.0.24720.0
MinimumVisualStudioVersion = 10.0.40219.1
Project("{FAE04EC0-301F-11D3-BF4B-00C04F79EFBC}") = "Reader", "Reader\Reader.csproj", "{732D01ED-9A9C-4667-A9BE-EC076558A5BA}"
EndProject
Project("{FAE04EC0-301F-11D3-BF4B-00C04F79EFBC}") = "StarDict", "StarDict\StarDict.csproj", "{ABDECFCE-0EAB-4672-AE6D-4B7A91480ED3}"
EndProject
Project("{FAE04EC0-301F-11D3-BF4B-00C04F79EFBC}") = "Tests", "Tests\Tests.csproj", "{F843F02A-671E-4C0F-9C32-DAEA442DA7E9}"
EndProject
Global
	GlobalSection(SolutionConfigurationPlatforms) = preSolution
		Debug|Any CPU = Debug|Any CPU
		Release|Any CPU = Release|Any CPU
	EndGlobalSection
	GlobalSection(ProjectConfigurationPlatforms) = postSolution
		{732D01ED-9A9C-4667-A9BE-EC076558A5BA}.Debug|Any CPU.ActiveCfg = Debug|Any CPU
		{732D01ED-9A9C-4667-A9BE-EC076558A5BA}.Debug|Any CPU.Build.0 = Debug|Any CPU
		{732D01ED-9A9C-4667-A9BE-EC076558A5BA}.Release|Any CPU.ActiveCfg = Release|Any CPU
		{732D01ED-9A9C-4667-A9BE-EC076558A5BA}.Release|Any CPU.Build.0 = Release|Any CPU
		{ABDECFCE-0EAB-4672-AE6D-4B7A91480ED3}.Debug|Any CPU.ActiveCfg = Debug|Any CPU
		{ABDECFCE-0EAB-4672-AE6D-4B7A91480ED3}.Debug|Any CPU.Build.0 = Debug|Any CPU
		{ABDECFCE-0EAB-4672-AE6D-4B7A91480ED3}.Release|Any CPU.ActiveCfg = Release|Any CPU
		{ABDECFCE-0EAB-4672-AE6D-4B7A91480ED3}.Release|Any CPU.Build.0 = Release|Any CPU
		{F843F02A-671E-4C0F-9C32-DAEA442DA7E9}.Debug|Any CPU.ActiveCfg = Debug|Any CPU
		{F843F02A-671E-4C0F-9C32-DAEA442DA7E9}.Debug|Any CPU.Build.0 = Debug|Any CPU
		{F843F02A-671E-4C0F-9C32-DAEA442DA7E9}.Release|Any CPU.ActiveCfg = Release|Any CPU
		{F843F02A-671E-4C0F-9C32-DAEA442DA7E9}.Release|Any CPU.Build.0 = Release|Any CPU
	EndGlobalSection
	GlobalSection(SolutionProperties) = preSolution
		HideSolutionNode = FALSE
	EndGlobalSection
EndGlobal
